// !$*UTF8*$!
{
	archiveVersion = 1;
	classes = {
	};
	objectVersion = 50;
	objects = {

/* Begin PBXBuildFile section */
		7B6E741924386CE600CFA442 /* AppDelegate.swift in Sources */ = {isa = PBXBuildFile; fileRef = 7B6E741824386CE600CFA442 /* AppDelegate.swift */; };
		7B6E741B24386CE600CFA442 /* SceneDelegate.swift in Sources */ = {isa = PBXBuildFile; fileRef = 7B6E741A24386CE600CFA442 /* SceneDelegate.swift */; };
		7B6E741D24386CE600CFA442 /* ViewController.swift in Sources */ = {isa = PBXBuildFile; fileRef = 7B6E741C24386CE600CFA442 /* ViewController.swift */; };
		7B6E742024386CE600CFA442 /* Main.storyboard in Resources */ = {isa = PBXBuildFile; fileRef = 7B6E741E24386CE600CFA442 /* Main.storyboard */; };
		7B6E742224386CE700CFA442 /* Assets.xcassets in Resources */ = {isa = PBXBuildFile; fileRef = 7B6E742124386CE700CFA442 /* Assets.xcassets */; };
		7B6E742524386CE700CFA442 /* LaunchScreen.storyboard in Resources */ = {isa = PBXBuildFile; fileRef = 7B6E742324386CE700CFA442 /* LaunchScreen.storyboard */; };
		7B6E742D24386D5600CFA442 /* SwiftyJSON.swift in Sources */ = {isa = PBXBuildFile; fileRef = 7B6E742C24386D5600CFA442 /* SwiftyJSON.swift */; };
		7B6E742F24386E9F00CFA442 /* DetailViewController.swift in Sources */ = {isa = PBXBuildFile; fileRef = 7B6E742E24386E9F00CFA442 /* DetailViewController.swift */; };
		7B6E7435243872AE00CFA442 /* Project38.xcdatamodeld in Sources */ = {isa = PBXBuildFile; fileRef = 7B6E7433243872AE00CFA442 /* Project38.xcdatamodeld */; };
		7B914BB424388265005B3DC8 /* Commit+CoreDataClass.swift in Sources */ = {isa = PBXBuildFile; fileRef = 7B914BB224388265005B3DC8 /* Commit+CoreDataClass.swift */; };
		7B914BB524388265005B3DC8 /* Commit+CoreDataProperties.swift in Sources */ = {isa = PBXBuildFile; fileRef = 7B914BB324388265005B3DC8 /* Commit+CoreDataProperties.swift */; };
		7B914BB82438E862005B3DC8 /* Author+CoreDataClass.swift in Sources */ = {isa = PBXBuildFile; fileRef = 7B914BB62438E862005B3DC8 /* Author+CoreDataClass.swift */; };
		7B914BB92438E862005B3DC8 /* Author+CoreDataProperties.swift in Sources */ = {isa = PBXBuildFile; fileRef = 7B914BB72438E862005B3DC8 /* Author+CoreDataProperties.swift */; };
/* End PBXBuildFile section */

/* Begin PBXFileReference section */
		7B6E741524386CE600CFA442 /* Project38 Core Data.app */ = {isa = PBXFileReference; explicitFileType = wrapper.application; includeInIndex = 0; path = "Project38 Core Data.app"; sourceTree = BUILT_PRODUCTS_DIR; };
		7B6E741824386CE600CFA442 /* AppDelegate.swift */ = {isa = PBXFileReference; lastKnownFileType = sourcecode.swift; path = AppDelegate.swift; sourceTree = "<group>"; };
		7B6E741A24386CE600CFA442 /* SceneDelegate.swift */ = {isa = PBXFileReference; lastKnownFileType = sourcecode.swift; path = SceneDelegate.swift; sourceTree = "<group>"; };
		7B6E741C24386CE600CFA442 /* ViewController.swift */ = {isa = PBXFileReference; lastKnownFileType = sourcecode.swift; path = ViewController.swift; sourceTree = "<group>"; };
		7B6E741F24386CE600CFA442 /* Base */ = {isa = PBXFileReference; lastKnownFileType = file.storyboard; name = Base; path = Base.lproj/Main.storyboard; sourceTree = "<group>"; };
		7B6E742124386CE700CFA442 /* Assets.xcassets */ = {isa = PBXFileReference; lastKnownFileType = folder.assetcatalog; path = Assets.xcassets; sourceTree = "<group>"; };
		7B6E742424386CE700CFA442 /* Base */ = {isa = PBXFileReference; lastKnownFileType = file.storyboard; name = Base; path = Base.lproj/LaunchScreen.storyboard; sourceTree = "<group>"; };
		7B6E742624386CE700CFA442 /* Info.plist */ = {isa = PBXFileReference; lastKnownFileType = text.plist.xml; path = Info.plist; sourceTree = "<group>"; };
		7B6E742C24386D5600CFA442 /* SwiftyJSON.swift */ = {isa = PBXFileReference; fileEncoding = 4; lastKnownFileType = sourcecode.swift; path = SwiftyJSON.swift; sourceTree = "<group>"; };
		7B6E742E24386E9F00CFA442 /* DetailViewController.swift */ = {isa = PBXFileReference; lastKnownFileType = sourcecode.swift; path = DetailViewController.swift; sourceTree = "<group>"; };
		7B6E7434243872AE00CFA442 /* Project38.xcdatamodel */ = {isa = PBXFileReference; lastKnownFileType = wrapper.xcdatamodel; path = Project38.xcdatamodel; sourceTree = "<group>"; };
		7B914BB224388265005B3DC8 /* Commit+CoreDataClass.swift */ = {isa = PBXFileReference; lastKnownFileType = sourcecode.swift; path = "Commit+CoreDataClass.swift"; sourceTree = SOURCE_ROOT; };
		7B914BB324388265005B3DC8 /* Commit+CoreDataProperties.swift */ = {isa = PBXFileReference; lastKnownFileType = sourcecode.swift; path = "Commit+CoreDataProperties.swift"; sourceTree = SOURCE_ROOT; };
		7B914BB62438E862005B3DC8 /* Author+CoreDataClass.swift */ = {isa = PBXFileReference; lastKnownFileType = sourcecode.swift; path = "Author+CoreDataClass.swift"; sourceTree = SOURCE_ROOT; };
		7B914BB72438E862005B3DC8 /* Author+CoreDataProperties.swift */ = {isa = PBXFileReference; lastKnownFileType = sourcecode.swift; path = "Author+CoreDataProperties.swift"; sourceTree = SOURCE_ROOT; };
/* End PBXFileReference section */

/* Begin PBXFrameworksBuildPhase section */
		7B6E741224386CE600CFA442 /* Frameworks */ = {
			isa = PBXFrameworksBuildPhase;
			buildActionMask = 2147483647;
			files = (
			);
			runOnlyForDeploymentPostprocessing = 0;
		};
/* End PBXFrameworksBuildPhase section */

/* Begin PBXGroup section */
		7B6E740C24386CE600CFA442 = {
			isa = PBXGroup;
			children = (
				7B6E741724386CE600CFA442 /* Project38 Core Data */,
				7B6E741624386CE600CFA442 /* Products */,
			);
			sourceTree = "<group>";
		};
		7B6E741624386CE600CFA442 /* Products */ = {
			isa = PBXGroup;
			children = (
				7B6E741524386CE600CFA442 /* Project38 Core Data.app */,
			);
			name = Products;
			sourceTree = "<group>";
		};
		7B6E741724386CE600CFA442 /* Project38 Core Data */ = {
			isa = PBXGroup;
			children = (
				7B914BB62438E862005B3DC8 /* Author+CoreDataClass.swift */,
				7B914BB72438E862005B3DC8 /* Author+CoreDataProperties.swift */,
				7B914BB224388265005B3DC8 /* Commit+CoreDataClass.swift */,
				7B914BB324388265005B3DC8 /* Commit+CoreDataProperties.swift */,
				7B6E741824386CE600CFA442 /* AppDelegate.swift */,
				7B6E741A24386CE600CFA442 /* SceneDelegate.swift */,
				7B6E741C24386CE600CFA442 /* ViewController.swift */,
				7B6E741E24386CE600CFA442 /* Main.storyboard */,
				7B6E742E24386E9F00CFA442 /* DetailViewController.swift */,
				7B6E7433243872AE00CFA442 /* Project38.xcdatamodeld */,
				7B6E742124386CE700CFA442 /* Assets.xcassets */,
				7B6E742324386CE700CFA442 /* LaunchScreen.storyboard */,
				7B6E742624386CE700CFA442 /* Info.plist */,
				7B6E742C24386D5600CFA442 /* SwiftyJSON.swift */,
			);
			path = "Project38 Core Data";
			sourceTree = "<group>";
		};
/* End PBXGroup section */

/* Begin PBXNativeTarget section */
		7B6E741424386CE600CFA442 /* Project38 Core Data */ = {
			isa = PBXNativeTarget;
			buildConfigurationList = 7B6E742924386CE700CFA442 /* Build configuration list for PBXNativeTarget "Project38 Core Data" */;
			buildPhases = (
				7B6E741124386CE600CFA442 /* Sources */,
				7B6E741224386CE600CFA442 /* Frameworks */,
				7B6E741324386CE600CFA442 /* Resources */,
			);
			buildRules = (
			);
			dependencies = (
			);
			name = "Project38 Core Data";
			productName = "Project38 Core Data";
			productReference = 7B6E741524386CE600CFA442 /* Project38 Core Data.app */;
			productType = "com.apple.product-type.application";
		};
/* End PBXNativeTarget section */

/* Begin PBXProject section */
		7B6E740D24386CE600CFA442 /* Project object */ = {
			isa = PBXProject;
			attributes = {
				LastSwiftUpdateCheck = 1130;
				LastUpgradeCheck = 1130;
				ORGANIZATIONNAME = "Анастасия Стрекалова";
				TargetAttributes = {
					7B6E741424386CE600CFA442 = {
						CreatedOnToolsVersion = 11.3.1;
					};
				};
			};
			buildConfigurationList = 7B6E741024386CE600CFA442 /* Build configuration list for PBXProject "Project38 Core Data" */;
			compatibilityVersion = "Xcode 9.3";
			developmentRegion = en;
			hasScannedForEncodings = 0;
			knownRegions = (
				en,
				Base,
			);
			mainGroup = 7B6E740C24386CE600CFA442;
			productRefGroup = 7B6E741624386CE600CFA442 /* Products */;
			projectDirPath = "";
			projectRoot = "";
			targets = (
				7B6E741424386CE600CFA442 /* Project38 Core Data */,
			);
		};
/* End PBXProject section */

/* Begin PBXResourcesBuildPhase section */
		7B6E741324386CE600CFA442 /* Resources */ = {
			isa = PBXResourcesBuildPhase;
			buildActionMask = 2147483647;
			files = (
				7B6E742524386CE700CFA442 /* LaunchScreen.storyboard in Resources */,
				7B6E742224386CE700CFA442 /* Assets.xcassets in Resources */,
				7B6E742024386CE600CFA442 /* Main.storyboard in Resources */,
			);
			runOnlyForDeploymentPostprocessing = 0;
		};
/* End PBXResourcesBuildPhase section */

/* Begin PBXSourcesBuildPhase section */
		7B6E741124386CE600CFA442 /* Sources */ = {
			isa = PBXSourcesBuildPhase;
			buildActionMask = 2147483647;
			files = (
				7B6E741D24386CE600CFA442 /* ViewController.swift in Sources */,
				7B914BB424388265005B3DC8 /* Commit+CoreDataClass.swift in Sources */,
				7B6E741924386CE600CFA442 /* AppDelegate.swift in Sources */,
				7B6E742F24386E9F00CFA442 /* DetailViewController.swift in Sources */,
				7B6E741B24386CE600CFA442 /* SceneDelegate.swift in Sources */,
				7B6E7435243872AE00CFA442 /* Project38.xcdatamodeld in Sources */,
				7B914BB82438E862005B3DC8 /* Author+CoreDataClass.swift in Sources */,
				7B914BB524388265005B3DC8 /* Commit+CoreDataProperties.swift in Sources */,
				7B914BB92438E862005B3DC8 /* Author+CoreDataProperties.swift in Sources */,
				7B6E742D24386D5600CFA442 /* SwiftyJSON.swift in Sources */,
			);
			runOnlyForDeploymentPostprocessing = 0;
		};
/* End PBXSourcesBuildPhase section */

/* Begin PBXVariantGroup section */
		7B6E741E24386CE600CFA442 /* Main.storyboard */ = {
			isa = PBXVariantGroup;
			children = (
				7B6E741F24386CE600CFA442 /* Base */,
			);
			name = Main.storyboard;
			sourceTree = "<group>";
		};
		7B6E742324386CE700CFA442 /* LaunchScreen.storyboard */ = {
			isa = PBXVariantGroup;
			children = (
				7B6E742424386CE700CFA442 /* Base */,
			);
			name = LaunchScreen.storyboard;
			sourceTree = "<group>";
		};
/* End PBXVariantGroup section */

/* Begin XCBuildConfiguration section */
		7B6E742724386CE700CFA442 /* Debug */ = {
			isa = XCBuildConfiguration;
			buildSettings = {
				ALWAYS_SEARCH_USER_PATHS = NO;
				CLANG_ANALYZER_NONNULL = YES;
				CLANG_ANALYZER_NUMBER_OBJECT_CONVERSION = YES_AGGRESSIVE;
				CLANG_CXX_LANGUAGE_STANDARD = "gnu++14";
				CLANG_CXX_LIBRARY = "libc++";
				CLANG_ENABLE_MODULES = YES;
				CLANG_ENABLE_OBJC_ARC = YES;
				CLANG_ENABLE_OBJC_WEAK = YES;
				CLANG_WARN_BLOCK_CAPTURE_AUTORELEASING = YES;
				CLANG_WARN_BOOL_CONVERSION = YES;
				CLANG_WARN_COMMA = YES;
				CLANG_WARN_CONSTANT_CONVERSION = YES;
				CLANG_WARN_DEPRECATED_OBJC_IMPLEMENTATIONS = YES;
				CLANG_WARN_DIRECT_OBJC_ISA_USAGE = YES_ERROR;
				CLANG_WARN_DOCUMENTATION_COMMENTS = YES;
				CLANG_WARN_EMPTY_BODY = YES;
				CLANG_WARN_ENUM_CONVERSION = YES;
				CLANG_WARN_INFINITE_RECURSION = YES;
				CLANG_WARN_INT_CONVERSION = YES;
				CLANG_WARN_NON_LITERAL_NULL_CONVERSION = YES;
				CLANG_WARN_OBJC_IMPLICIT_RETAIN_SELF = YES;
				CLANG_WARN_OBJC_LITERAL_CONVERSION = YES;
				CLANG_WARN_OBJC_ROOT_CLASS = YES_ERROR;
				CLANG_WARN_RANGE_LOOP_ANALYSIS = YES;
				CLANG_WARN_STRICT_PROTOTYPES = YES;
				CLANG_WARN_SUSPICIOUS_MOVE = YES;
				CLANG_WARN_UNGUARDED_AVAILABILITY = YES_AGGRESSIVE;
				CLANG_WARN_UNREACHABLE_CODE = YES;
				CLANG_WARN__DUPLICATE_METHOD_MATCH = YES;
				COPY_PHASE_STRIP = NO;
				DEBUG_INFORMATION_FORMAT = dwarf;
				ENABLE_STRICT_OBJC_MSGSEND = YES;
				ENABLE_TESTABILITY = YES;
				GCC_C_LANGUAGE_STANDARD = gnu11;
				GCC_DYNAMIC_NO_PIC = NO;
				GCC_NO_COMMON_BLOCKS = YES;
				GCC_OPTIMIZATION_LEVEL = 0;
				GCC_PREPROCESSOR_DEFINITIONS = (
					"DEBUG=1",
					"$(inherited)",
				);
				GCC_WARN_64_TO_32_BIT_CONVERSION = YES;
				GCC_WARN_ABOUT_RETURN_TYPE = YES_ERROR;
				GCC_WARN_UNDECLARED_SELECTOR = YES;
				GCC_WARN_UNINITIALIZED_AUTOS = YES_AGGRESSIVE;
				GCC_WARN_UNUSED_FUNCTION = YES;
				GCC_WARN_UNUSED_VARIABLE = YES;
				IPHONEOS_DEPLOYMENT_TARGET = 13.2;
				MTL_ENABLE_DEBUG_INFO = INCLUDE_SOURCE;
				MTL_FAST_MATH = YES;
				ONLY_ACTIVE_ARCH = YES;
				SDKROOT = iphoneos;
				SWIFT_ACTIVE_COMPILATION_CONDITIONS = DEBUG;
				SWIFT_OPTIMIZATION_LEVEL = "-Onone";
			};
			name = Debug;
		};
		7B6E742824386CE700CFA442 /* Release */ = {
			isa = XCBuildConfiguration;
			buildSettings = {
				ALWAYS_SEARCH_USER_PATHS = NO;
				CLANG_ANALYZER_NONNULL = YES;
				CLANG_ANALYZER_NUMBER_OBJECT_CONVERSION = YES_AGGRESSIVE;
				CLANG_CXX_LANGUAGE_STANDARD = "gnu++14";
				CLANG_CXX_LIBRARY = "libc++";
				CLANG_ENABLE_MODULES = YES;
				CLANG_ENABLE_OBJC_ARC = YES;
				CLANG_ENABLE_OBJC_WEAK = YES;
				CLANG_WARN_BLOCK_CAPTURE_AUTORELEASING = YES;
				CLANG_WARN_BOOL_CONVERSION = YES;
				CLANG_WARN_COMMA = YES;
				CLANG_WARN_CONSTANT_CONVERSION = YES;
				CLANG_WARN_DEPRECATED_OBJC_IMPLEMENTATIONS = YES;
				CLANG_WARN_DIRECT_OBJC_ISA_USAGE = YES_ERROR;
				CLANG_WARN_DOCUMENTATION_COMMENTS = YES;
				CLANG_WARN_EMPTY_BODY = YES;
				CLANG_WARN_ENUM_CONVERSION = YES;
				CLANG_WARN_INFINITE_RECURSION = YES;
				CLANG_WARN_INT_CONVERSION = YES;
				CLANG_WARN_NON_LITERAL_NULL_CONVERSION = YES;
				CLANG_WARN_OBJC_IMPLICIT_RETAIN_SELF = YES;
				CLANG_WARN_OBJC_LITERAL_CONVERSION = YES;
				CLANG_WARN_OBJC_ROOT_CLASS = YES_ERROR;
				CLANG_WARN_RANGE_LOOP_ANALYSIS = YES;
				CLANG_WARN_STRICT_PROTOTYPES = YES;
				CLANG_WARN_SUSPICIOUS_MOVE = YES;
				CLANG_WARN_UNGUARDED_AVAILABILITY = YES_AGGRESSIVE;
				CLANG_WARN_UNREACHABLE_CODE = YES;
				CLANG_WARN__DUPLICATE_METHOD_MATCH = YES;
				COPY_PHASE_STRIP = NO;
				DEBUG_INFORMATION_FORMAT = "dwarf-with-dsym";
				ENABLE_NS_ASSERTIONS = NO;
				ENABLE_STRICT_OBJC_MSGSEND = YES;
				GCC_C_LANGUAGE_STANDARD = gnu11;
				GCC_NO_COMMON_BLOCKS = YES;
				GCC_WARN_64_TO_32_BIT_CONVERSION = YES;
				GCC_WARN_ABOUT_RETURN_TYPE = YES_ERROR;
				GCC_WARN_UNDECLARED_SELECTOR = YES;
				GCC_WARN_UNINITIALIZED_AUTOS = YES_AGGRESSIVE;
				GCC_WARN_UNUSED_FUNCTION = YES;
				GCC_WARN_UNUSED_VARIABLE = YES;
				IPHONEOS_DEPLOYMENT_TARGET = 13.2;
				MTL_ENABLE_DEBUG_INFO = NO;
				MTL_FAST_MATH = YES;
				SDKROOT = iphoneos;
				SWIFT_COMPILATION_MODE = wholemodule;
				SWIFT_OPTIMIZATION_LEVEL = "-O";
				VALIDATE_PRODUCT = YES;
			};
			name = Release;
		};
		7B6E742A24386CE700CFA442 /* Debug */ = {
			isa = XCBuildConfiguration;
			buildSettings = {
				ASSETCATALOG_COMPILER_APPICON_NAME = AppIcon;
				CODE_SIGN_STYLE = Automatic;
				DEVELOPMENT_TEAM = UFQPDAKA5S;
				INFOPLIST_FILE = "Project38 Core Data/Info.plist";
				LD_RUNPATH_SEARCH_PATHS = (
					"$(inherited)",
					"@executable_path/Frameworks",
				);
				PRODUCT_BUNDLE_IDENTIFIER = "com.yourcompany.Project38-Core-Data";
				PRODUCT_NAME = "$(TARGET_NAME)";
				SWIFT_VERSION = 5.0;
				TARGETED_DEVICE_FAMILY = "1,2";
			};
			name = Debug;
		};
		7B6E742B24386CE700CFA442 /* Release */ = {
			isa = XCBuildConfiguration;
			buildSettings = {
				ASSETCATALOG_COMPILER_APPICON_NAME = AppIcon;
				CODE_SIGN_STYLE = Automatic;
				DEVELOPMENT_TEAM = UFQPDAKA5S;
				INFOPLIST_FILE = "Project38 Core Data/Info.plist";
				LD_RUNPATH_SEARCH_PATHS = (
					"$(inherited)",
					"@executable_path/Frameworks",
				);
				PRODUCT_BUNDLE_IDENTIFIER = "com.yourcompany.Project38-Core-Data";
				PRODUCT_NAME = "$(TARGET_NAME)";
				SWIFT_VERSION = 5.0;
				TARGETED_DEVICE_FAMILY = "1,2";
			};
			name = Release;
		};
/* End XCBuildConfiguration section */

/* Begin XCConfigurationList section */
		7B6E741024386CE600CFA442 /* Build configuration list for PBXProject "Project38 Core Data" */ = {
			isa = XCConfigurationList;
			buildConfigurations = (
				7B6E742724386CE700CFA442 /* Debug */,
				7B6E742824386CE700CFA442 /* Release */,
			);
			defaultConfigurationIsVisible = 0;
			defaultConfigurationName = Release;
		};
		7B6E742924386CE700CFA442 /* Build configuration list for PBXNativeTarget "Project38 Core Data" */ = {
			isa = XCConfigurationList;
			buildConfigurations = (
				7B6E742A24386CE700CFA442 /* Debug */,
				7B6E742B24386CE700CFA442 /* Release */,
			);
			defaultConfigurationIsVisible = 0;
			defaultConfigurationName = Release;
		};
/* End XCConfigurationList section */

/* Begin XCVersionGroup section */
		7B6E7433243872AE00CFA442 /* Project38.xcdatamodeld */ = {
			isa = XCVersionGroup;
			children = (
				7B6E7434243872AE00CFA442 /* Project38.xcdatamodel */,
			);
			currentVersion = 7B6E7434243872AE00CFA442 /* Project38.xcdatamodel */;
			path = Project38.xcdatamodeld;
			sourceTree = "<group>";
			versionGroupType = wrapper.xcdatamodel;
		};
/* End XCVersionGroup section */
	};
	rootObject = 7B6E740D24386CE600CFA442 /* Project object */;
}
